// !$*UTF8*$!
{
	archiveVersion = 1;
	classes = {
	};
	objectVersion = 56;
	objects = {

/* Begin PBXBuildFile section */
		8319D84D2B1DD0250007A088 /* UIViewController+Ext.swift in Sources */ = {isa = PBXBuildFile; fileRef = 8319D84C2B1DD0250007A088 /* UIViewController+Ext.swift */; };
		838B6A0D2B1D154000FB0F13 /* AppDelegate.swift in Sources */ = {isa = PBXBuildFile; fileRef = 838B6A0C2B1D154000FB0F13 /* AppDelegate.swift */; };
		838B6A0F2B1D154000FB0F13 /* SceneDelegate.swift in Sources */ = {isa = PBXBuildFile; fileRef = 838B6A0E2B1D154000FB0F13 /* SceneDelegate.swift */; };
		838B6A162B1D154100FB0F13 /* Assets.xcassets in Resources */ = {isa = PBXBuildFile; fileRef = 838B6A152B1D154100FB0F13 /* Assets.xcassets */; };
		838B6A192B1D154100FB0F13 /* LaunchScreen.storyboard in Resources */ = {isa = PBXBuildFile; fileRef = 838B6A172B1D154100FB0F13 /* LaunchScreen.storyboard */; };
		838B6A282B1D171900FB0F13 /* PixabayError.swift in Sources */ = {isa = PBXBuildFile; fileRef = 838B6A272B1D171900FB0F13 /* PixabayError.swift */; };
		838B6A2C2B1D175300FB0F13 /* UIImageView+Ext.swift in Sources */ = {isa = PBXBuildFile; fileRef = 838B6A292B1D175300FB0F13 /* UIImageView+Ext.swift */; };
		838B6A2D2B1D175300FB0F13 /* UIView+Ext.swift in Sources */ = {isa = PBXBuildFile; fileRef = 838B6A2A2B1D175300FB0F13 /* UIView+Ext.swift */; };
		838B6A2E2B1D175300FB0F13 /* UIStackView+Ext.swift in Sources */ = {isa = PBXBuildFile; fileRef = 838B6A2B2B1D175300FB0F13 /* UIStackView+Ext.swift */; };
		838B6A302B1D177E00FB0F13 /* NetworkManager.swift in Sources */ = {isa = PBXBuildFile; fileRef = 838B6A2F2B1D177E00FB0F13 /* NetworkManager.swift */; };
		838B6A322B1D17DB00FB0F13 /* PixabayModel.swift in Sources */ = {isa = PBXBuildFile; fileRef = 838B6A312B1D17DB00FB0F13 /* PixabayModel.swift */; };
		838B6A342B1D272300FB0F13 /* PixabayAPIEndpoint.swift in Sources */ = {isa = PBXBuildFile; fileRef = 838B6A332B1D272300FB0F13 /* PixabayAPIEndpoint.swift */; };
		838B6A3B2B1D295600FB0F13 /* HomeProtocols.swift in Sources */ = {isa = PBXBuildFile; fileRef = 838B6A362B1D295600FB0F13 /* HomeProtocols.swift */; };
		838B6A3C2B1D295600FB0F13 /* HomeRouter.swift in Sources */ = {isa = PBXBuildFile; fileRef = 838B6A372B1D295600FB0F13 /* HomeRouter.swift */; };
		838B6A3D2B1D295600FB0F13 /* HomeInteractor.swift in Sources */ = {isa = PBXBuildFile; fileRef = 838B6A382B1D295600FB0F13 /* HomeInteractor.swift */; };
		838B6A3E2B1D295600FB0F13 /* HomePresenter.swift in Sources */ = {isa = PBXBuildFile; fileRef = 838B6A392B1D295600FB0F13 /* HomePresenter.swift */; };
		838B6A3F2B1D295600FB0F13 /* HomeVC.swift in Sources */ = {isa = PBXBuildFile; fileRef = 838B6A3A2B1D295600FB0F13 /* HomeVC.swift */; };
		838B6A462B1D2C0500FB0F13 /* ImageDetailView.swift in Sources */ = {isa = PBXBuildFile; fileRef = 838B6A412B1D2C0500FB0F13 /* ImageDetailView.swift */; };
		838B6A472B1D2C0500FB0F13 /* ImageDetailProtocol.swift in Sources */ = {isa = PBXBuildFile; fileRef = 838B6A422B1D2C0500FB0F13 /* ImageDetailProtocol.swift */; };
		838B6A482B1D2C0500FB0F13 /* ImageDetailPresenter.swift in Sources */ = {isa = PBXBuildFile; fileRef = 838B6A432B1D2C0500FB0F13 /* ImageDetailPresenter.swift */; };
		838B6A492B1D2C0500FB0F13 /* ImageDetailInteractor.swift in Sources */ = {isa = PBXBuildFile; fileRef = 838B6A442B1D2C0500FB0F13 /* ImageDetailInteractor.swift */; };
		838B6A4A2B1D2C0500FB0F13 /* ImageDetailRouter.swift in Sources */ = {isa = PBXBuildFile; fileRef = 838B6A452B1D2C0500FB0F13 /* ImageDetailRouter.swift */; };
		838B6A4D2B1D356700FB0F13 /* ImageCollectionCell.swift in Sources */ = {isa = PBXBuildFile; fileRef = 838B6A4C2B1D356700FB0F13 /* ImageCollectionCell.swift */; };
/* End PBXBuildFile section */

/* Begin PBXFileReference section */
		8319D84C2B1DD0250007A088 /* UIViewController+Ext.swift */ = {isa = PBXFileReference; lastKnownFileType = sourcecode.swift; path = "UIViewController+Ext.swift"; sourceTree = "<group>"; };
		838B6A092B1D154000FB0F13 /* Pixabay_Viper.app */ = {isa = PBXFileReference; explicitFileType = wrapper.application; includeInIndex = 0; path = Pixabay_Viper.app; sourceTree = BUILT_PRODUCTS_DIR; };
		838B6A0C2B1D154000FB0F13 /* AppDelegate.swift */ = {isa = PBXFileReference; lastKnownFileType = sourcecode.swift; path = AppDelegate.swift; sourceTree = "<group>"; };
		838B6A0E2B1D154000FB0F13 /* SceneDelegate.swift */ = {isa = PBXFileReference; lastKnownFileType = sourcecode.swift; path = SceneDelegate.swift; sourceTree = "<group>"; };
		838B6A152B1D154100FB0F13 /* Assets.xcassets */ = {isa = PBXFileReference; lastKnownFileType = folder.assetcatalog; path = Assets.xcassets; sourceTree = "<group>"; };
		838B6A182B1D154100FB0F13 /* Base */ = {isa = PBXFileReference; lastKnownFileType = file.storyboard; name = Base; path = Base.lproj/LaunchScreen.storyboard; sourceTree = "<group>"; };
		838B6A1A2B1D154100FB0F13 /* Info.plist */ = {isa = PBXFileReference; lastKnownFileType = text.plist.xml; path = Info.plist; sourceTree = "<group>"; };
		838B6A272B1D171900FB0F13 /* PixabayError.swift */ = {isa = PBXFileReference; fileEncoding = 4; lastKnownFileType = sourcecode.swift; path = PixabayError.swift; sourceTree = "<group>"; };
		838B6A292B1D175300FB0F13 /* UIImageView+Ext.swift */ = {isa = PBXFileReference; fileEncoding = 4; lastKnownFileType = sourcecode.swift; path = "UIImageView+Ext.swift"; sourceTree = "<group>"; };
		838B6A2A2B1D175300FB0F13 /* UIView+Ext.swift */ = {isa = PBXFileReference; fileEncoding = 4; lastKnownFileType = sourcecode.swift; path = "UIView+Ext.swift"; sourceTree = "<group>"; };
		838B6A2B2B1D175300FB0F13 /* UIStackView+Ext.swift */ = {isa = PBXFileReference; fileEncoding = 4; lastKnownFileType = sourcecode.swift; path = "UIStackView+Ext.swift"; sourceTree = "<group>"; };
		838B6A2F2B1D177E00FB0F13 /* NetworkManager.swift */ = {isa = PBXFileReference; fileEncoding = 4; lastKnownFileType = sourcecode.swift; path = NetworkManager.swift; sourceTree = "<group>"; };
		838B6A312B1D17DB00FB0F13 /* PixabayModel.swift */ = {isa = PBXFileReference; lastKnownFileType = sourcecode.swift; path = PixabayModel.swift; sourceTree = "<group>"; };
		838B6A332B1D272300FB0F13 /* PixabayAPIEndpoint.swift */ = {isa = PBXFileReference; lastKnownFileType = sourcecode.swift; path = PixabayAPIEndpoint.swift; sourceTree = "<group>"; };
		838B6A362B1D295600FB0F13 /* HomeProtocols.swift */ = {isa = PBXFileReference; fileEncoding = 4; lastKnownFileType = sourcecode.swift; path = HomeProtocols.swift; sourceTree = "<group>"; };
		838B6A372B1D295600FB0F13 /* HomeRouter.swift */ = {isa = PBXFileReference; fileEncoding = 4; lastKnownFileType = sourcecode.swift; path = HomeRouter.swift; sourceTree = "<group>"; };
		838B6A382B1D295600FB0F13 /* HomeInteractor.swift */ = {isa = PBXFileReference; fileEncoding = 4; lastKnownFileType = sourcecode.swift; path = HomeInteractor.swift; sourceTree = "<group>"; };
		838B6A392B1D295600FB0F13 /* HomePresenter.swift */ = {isa = PBXFileReference; fileEncoding = 4; lastKnownFileType = sourcecode.swift; path = HomePresenter.swift; sourceTree = "<group>"; };
		838B6A3A2B1D295600FB0F13 /* HomeVC.swift */ = {isa = PBXFileReference; fileEncoding = 4; lastKnownFileType = sourcecode.swift; path = HomeVC.swift; sourceTree = "<group>"; };
		838B6A412B1D2C0500FB0F13 /* ImageDetailView.swift */ = {isa = PBXFileReference; fileEncoding = 4; lastKnownFileType = sourcecode.swift; path = ImageDetailView.swift; sourceTree = "<group>"; };
		838B6A422B1D2C0500FB0F13 /* ImageDetailProtocol.swift */ = {isa = PBXFileReference; fileEncoding = 4; lastKnownFileType = sourcecode.swift; path = ImageDetailProtocol.swift; sourceTree = "<group>"; };
		838B6A432B1D2C0500FB0F13 /* ImageDetailPresenter.swift */ = {isa = PBXFileReference; fileEncoding = 4; lastKnownFileType = sourcecode.swift; path = ImageDetailPresenter.swift; sourceTree = "<group>"; };
		838B6A442B1D2C0500FB0F13 /* ImageDetailInteractor.swift */ = {isa = PBXFileReference; fileEncoding = 4; lastKnownFileType = sourcecode.swift; path = ImageDetailInteractor.swift; sourceTree = "<group>"; };
		838B6A452B1D2C0500FB0F13 /* ImageDetailRouter.swift */ = {isa = PBXFileReference; fileEncoding = 4; lastKnownFileType = sourcecode.swift; path = ImageDetailRouter.swift; sourceTree = "<group>"; };
		838B6A4C2B1D356700FB0F13 /* ImageCollectionCell.swift */ = {isa = PBXFileReference; lastKnownFileType = sourcecode.swift; path = ImageCollectionCell.swift; sourceTree = "<group>"; };
/* End PBXFileReference section */

/* Begin PBXFrameworksBuildPhase section */
		838B6A062B1D154000FB0F13 /* Frameworks */ = {
			isa = PBXFrameworksBuildPhase;
			buildActionMask = 2147483647;
			files = (
			);
			runOnlyForDeploymentPostprocessing = 0;
		};
/* End PBXFrameworksBuildPhase section */

/* Begin PBXGroup section */
		838B6A002B1D154000FB0F13 = {
			isa = PBXGroup;
			children = (
				838B6A0B2B1D154000FB0F13 /* Pixabay_Viper */,
				838B6A0A2B1D154000FB0F13 /* Products */,
			);
			sourceTree = "<group>";
		};
		838B6A0A2B1D154000FB0F13 /* Products */ = {
			isa = PBXGroup;
			children = (
				838B6A092B1D154000FB0F13 /* Pixabay_Viper.app */,
			);
			name = Products;
			sourceTree = "<group>";
		};
		838B6A0B2B1D154000FB0F13 /* Pixabay_Viper */ = {
			isa = PBXGroup;
			children = (
				838B6A242B1D16E800FB0F13 /* Helper */,
				838B6A232B1D16E100FB0F13 /* Manager */,
				838B6A222B1D16DE00FB0F13 /* Model */,
				838B6A212B1D16D700FB0F13 /* Modules */,
				838B6A202B1D169A00FB0F13 /* SupportingFiles */,
			);
			path = Pixabay_Viper;
			sourceTree = "<group>";
		};
		838B6A202B1D169A00FB0F13 /* SupportingFiles */ = {
			isa = PBXGroup;
			children = (
				838B6A0C2B1D154000FB0F13 /* AppDelegate.swift */,
				838B6A0E2B1D154000FB0F13 /* SceneDelegate.swift */,
				838B6A152B1D154100FB0F13 /* Assets.xcassets */,
				838B6A172B1D154100FB0F13 /* LaunchScreen.storyboard */,
				838B6A1A2B1D154100FB0F13 /* Info.plist */,
			);
			path = SupportingFiles;
			sourceTree = "<group>";
		};
		838B6A212B1D16D700FB0F13 /* Modules */ = {
			isa = PBXGroup;
			children = (
				838B6A352B1D294E00FB0F13 /* Home */,
				838B6A402B1D2BCE00FB0F13 /* ImageDetail */,
			);
			path = Modules;
			sourceTree = "<group>";
		};
		838B6A222B1D16DE00FB0F13 /* Model */ = {
			isa = PBXGroup;
			children = (
				838B6A312B1D17DB00FB0F13 /* PixabayModel.swift */,
			);
			path = Model;
			sourceTree = "<group>";
		};
		838B6A232B1D16E100FB0F13 /* Manager */ = {
			isa = PBXGroup;
			children = (
				838B6A332B1D272300FB0F13 /* PixabayAPIEndpoint.swift */,
				838B6A2F2B1D177E00FB0F13 /* NetworkManager.swift */,
			);
			path = Manager;
			sourceTree = "<group>";
		};
		838B6A242B1D16E800FB0F13 /* Helper */ = {
			isa = PBXGroup;
			children = (
				838B6A252B1D16FE00FB0F13 /* Utils */,
				838B6A262B1D170500FB0F13 /* Extension */,
			);
			path = Helper;
			sourceTree = "<group>";
		};
		838B6A252B1D16FE00FB0F13 /* Utils */ = {
			isa = PBXGroup;
			children = (
				838B6A272B1D171900FB0F13 /* PixabayError.swift */,
			);
			path = Utils;
			sourceTree = "<group>";
		};
		838B6A262B1D170500FB0F13 /* Extension */ = {
			isa = PBXGroup;
			children = (
				838B6A292B1D175300FB0F13 /* UIImageView+Ext.swift */,
				838B6A2B2B1D175300FB0F13 /* UIStackView+Ext.swift */,
				838B6A2A2B1D175300FB0F13 /* UIView+Ext.swift */,
				8319D84C2B1DD0250007A088 /* UIViewController+Ext.swift */,
			);
			path = Extension;
			sourceTree = "<group>";
		};
		838B6A352B1D294E00FB0F13 /* Home */ = {
			isa = PBXGroup;
			children = (
				838B6A4B2B1D34BF00FB0F13 /* Cells */,
				838B6A362B1D295600FB0F13 /* HomeProtocols.swift */,
				838B6A392B1D295600FB0F13 /* HomePresenter.swift */,
				838B6A382B1D295600FB0F13 /* HomeInteractor.swift */,
				838B6A372B1D295600FB0F13 /* HomeRouter.swift */,
				838B6A3A2B1D295600FB0F13 /* HomeVC.swift */,
			);
			path = Home;
			sourceTree = "<group>";
		};
		838B6A402B1D2BCE00FB0F13 /* ImageDetail */ = {
			isa = PBXGroup;
			children = (
				838B6A422B1D2C0500FB0F13 /* ImageDetailProtocol.swift */,
				838B6A432B1D2C0500FB0F13 /* ImageDetailPresenter.swift */,
				838B6A442B1D2C0500FB0F13 /* ImageDetailInteractor.swift */,
				838B6A452B1D2C0500FB0F13 /* ImageDetailRouter.swift */,
				838B6A412B1D2C0500FB0F13 /* ImageDetailView.swift */,
			);
			path = ImageDetail;
			sourceTree = "<group>";
		};
		838B6A4B2B1D34BF00FB0F13 /* Cells */ = {
			isa = PBXGroup;
			children = (
				838B6A4C2B1D356700FB0F13 /* ImageCollectionCell.swift */,
			);
			path = Cells;
			sourceTree = "<group>";
		};
/* End PBXGroup section */

/* Begin PBXNativeTarget section */
		838B6A082B1D154000FB0F13 /* Pixabay_Viper */ = {
			isa = PBXNativeTarget;
			buildConfigurationList = 838B6A1D2B1D154100FB0F13 /* Build configuration list for PBXNativeTarget "Pixabay_Viper" */;
			buildPhases = (
				838B6A052B1D154000FB0F13 /* Sources */,
				838B6A062B1D154000FB0F13 /* Frameworks */,
				838B6A072B1D154000FB0F13 /* Resources */,
			);
			buildRules = (
			);
			dependencies = (
			);
			name = Pixabay_Viper;
			productName = Pixabay_Viper;
			productReference = 838B6A092B1D154000FB0F13 /* Pixabay_Viper.app */;
			productType = "com.apple.product-type.application";
		};
/* End PBXNativeTarget section */

/* Begin PBXProject section */
		838B6A012B1D154000FB0F13 /* Project object */ = {
			isa = PBXProject;
			attributes = {
				BuildIndependentTargetsInParallel = 1;
				LastSwiftUpdateCheck = 1500;
				LastUpgradeCheck = 1500;
				TargetAttributes = {
					838B6A082B1D154000FB0F13 = {
						CreatedOnToolsVersion = 15.0.1;
					};
				};
			};
			buildConfigurationList = 838B6A042B1D154000FB0F13 /* Build configuration list for PBXProject "Pixabay_Viper" */;
			compatibilityVersion = "Xcode 14.0";
			developmentRegion = en;
			hasScannedForEncodings = 0;
			knownRegions = (
				en,
				Base,
			);
			mainGroup = 838B6A002B1D154000FB0F13;
			productRefGroup = 838B6A0A2B1D154000FB0F13 /* Products */;
			projectDirPath = "";
			projectRoot = "";
			targets = (
				838B6A082B1D154000FB0F13 /* Pixabay_Viper */,
			);
		};
/* End PBXProject section */

/* Begin PBXResourcesBuildPhase section */
		838B6A072B1D154000FB0F13 /* Resources */ = {
			isa = PBXResourcesBuildPhase;
			buildActionMask = 2147483647;
			files = (
				838B6A192B1D154100FB0F13 /* LaunchScreen.storyboard in Resources */,
				838B6A162B1D154100FB0F13 /* Assets.xcassets in Resources */,
			);
			runOnlyForDeploymentPostprocessing = 0;
		};
/* End PBXResourcesBuildPhase section */

/* Begin PBXSourcesBuildPhase section */
		838B6A052B1D154000FB0F13 /* Sources */ = {
			isa = PBXSourcesBuildPhase;
			buildActionMask = 2147483647;
			files = (
				838B6A492B1D2C0500FB0F13 /* ImageDetailInteractor.swift in Sources */,
				838B6A2C2B1D175300FB0F13 /* UIImageView+Ext.swift in Sources */,
				8319D84D2B1DD0250007A088 /* UIViewController+Ext.swift in Sources */,
				838B6A3F2B1D295600FB0F13 /* HomeVC.swift in Sources */,
				838B6A4D2B1D356700FB0F13 /* ImageCollectionCell.swift in Sources */,
				838B6A342B1D272300FB0F13 /* PixabayAPIEndpoint.swift in Sources */,
				838B6A0D2B1D154000FB0F13 /* AppDelegate.swift in Sources */,
				838B6A462B1D2C0500FB0F13 /* ImageDetailView.swift in Sources */,
				838B6A482B1D2C0500FB0F13 /* ImageDetailPresenter.swift in Sources */,
				838B6A472B1D2C0500FB0F13 /* ImageDetailProtocol.swift in Sources */,
				838B6A3D2B1D295600FB0F13 /* HomeInteractor.swift in Sources */,
				838B6A2D2B1D175300FB0F13 /* UIView+Ext.swift in Sources */,
				838B6A302B1D177E00FB0F13 /* NetworkManager.swift in Sources */,
				838B6A322B1D17DB00FB0F13 /* PixabayModel.swift in Sources */,
				838B6A3B2B1D295600FB0F13 /* HomeProtocols.swift in Sources */,
				838B6A2E2B1D175300FB0F13 /* UIStackView+Ext.swift in Sources */,
				838B6A4A2B1D2C0500FB0F13 /* ImageDetailRouter.swift in Sources */,
				838B6A3E2B1D295600FB0F13 /* HomePresenter.swift in Sources */,
				838B6A282B1D171900FB0F13 /* PixabayError.swift in Sources */,
				838B6A0F2B1D154000FB0F13 /* SceneDelegate.swift in Sources */,
				838B6A3C2B1D295600FB0F13 /* HomeRouter.swift in Sources */,
			);
			runOnlyForDeploymentPostprocessing = 0;
		};
/* End PBXSourcesBuildPhase section */

/* Begin PBXVariantGroup section */
		838B6A172B1D154100FB0F13 /* LaunchScreen.storyboard */ = {
			isa = PBXVariantGroup;
			children = (
				838B6A182B1D154100FB0F13 /* Base */,
			);
			name = LaunchScreen.storyboard;
			sourceTree = "<group>";
		};
/* End PBXVariantGroup section */

/* Begin XCBuildConfiguration section */
		838B6A1B2B1D154100FB0F13 /* Debug */ = {
			isa = XCBuildConfiguration;
			buildSettings = {
				ALWAYS_SEARCH_USER_PATHS = NO;
				ASSETCATALOG_COMPILER_GENERATE_SWIFT_ASSET_SYMBOL_EXTENSIONS = YES;
				CLANG_ANALYZER_NONNULL = YES;
				CLANG_ANALYZER_NUMBER_OBJECT_CONVERSION = YES_AGGRESSIVE;
				CLANG_CXX_LANGUAGE_STANDARD = "gnu++20";
				CLANG_ENABLE_MODULES = YES;
				CLANG_ENABLE_OBJC_ARC = YES;
				CLANG_ENABLE_OBJC_WEAK = YES;
				CLANG_WARN_BLOCK_CAPTURE_AUTORELEASING = YES;
				CLANG_WARN_BOOL_CONVERSION = YES;
				CLANG_WARN_COMMA = YES;
				CLANG_WARN_CONSTANT_CONVERSION = YES;
				CLANG_WARN_DEPRECATED_OBJC_IMPLEMENTATIONS = YES;
				CLANG_WARN_DIRECT_OBJC_ISA_USAGE = YES_ERROR;
				CLANG_WARN_DOCUMENTATION_COMMENTS = YES;
				CLANG_WARN_EMPTY_BODY = YES;
				CLANG_WARN_ENUM_CONVERSION = YES;
				CLANG_WARN_INFINITE_RECURSION = YES;
				CLANG_WARN_INT_CONVERSION = YES;
				CLANG_WARN_NON_LITERAL_NULL_CONVERSION = YES;
				CLANG_WARN_OBJC_IMPLICIT_RETAIN_SELF = YES;
				CLANG_WARN_OBJC_LITERAL_CONVERSION = YES;
				CLANG_WARN_OBJC_ROOT_CLASS = YES_ERROR;
				CLANG_WARN_QUOTED_INCLUDE_IN_FRAMEWORK_HEADER = YES;
				CLANG_WARN_RANGE_LOOP_ANALYSIS = YES;
				CLANG_WARN_STRICT_PROTOTYPES = YES;
				CLANG_WARN_SUSPICIOUS_MOVE = YES;
				CLANG_WARN_UNGUARDED_AVAILABILITY = YES_AGGRESSIVE;
				CLANG_WARN_UNREACHABLE_CODE = YES;
				CLANG_WARN__DUPLICATE_METHOD_MATCH = YES;
				COPY_PHASE_STRIP = NO;
				DEBUG_INFORMATION_FORMAT = dwarf;
				ENABLE_STRICT_OBJC_MSGSEND = YES;
				ENABLE_TESTABILITY = YES;
				ENABLE_USER_SCRIPT_SANDBOXING = YES;
				GCC_C_LANGUAGE_STANDARD = gnu17;
				GCC_DYNAMIC_NO_PIC = NO;
				GCC_NO_COMMON_BLOCKS = YES;
				GCC_OPTIMIZATION_LEVEL = 0;
				GCC_PREPROCESSOR_DEFINITIONS = (
					"DEBUG=1",
					"$(inherited)",
				);
				GCC_WARN_64_TO_32_BIT_CONVERSION = YES;
				GCC_WARN_ABOUT_RETURN_TYPE = YES_ERROR;
				GCC_WARN_UNDECLARED_SELECTOR = YES;
				GCC_WARN_UNINITIALIZED_AUTOS = YES_AGGRESSIVE;
				GCC_WARN_UNUSED_FUNCTION = YES;
				GCC_WARN_UNUSED_VARIABLE = YES;
				IPHONEOS_DEPLOYMENT_TARGET = 17.0;
				LOCALIZATION_PREFERS_STRING_CATALOGS = YES;
				MTL_ENABLE_DEBUG_INFO = INCLUDE_SOURCE;
				MTL_FAST_MATH = YES;
				ONLY_ACTIVE_ARCH = YES;
				SDKROOT = iphoneos;
				SWIFT_ACTIVE_COMPILATION_CONDITIONS = "DEBUG $(inherited)";
				SWIFT_OPTIMIZATION_LEVEL = "-Onone";
			};
			name = Debug;
		};
		838B6A1C2B1D154100FB0F13 /* Release */ = {
			isa = XCBuildConfiguration;
			buildSettings = {
				ALWAYS_SEARCH_USER_PATHS = NO;
				ASSETCATALOG_COMPILER_GENERATE_SWIFT_ASSET_SYMBOL_EXTENSIONS = YES;
				CLANG_ANALYZER_NONNULL = YES;
				CLANG_ANALYZER_NUMBER_OBJECT_CONVERSION = YES_AGGRESSIVE;
				CLANG_CXX_LANGUAGE_STANDARD = "gnu++20";
				CLANG_ENABLE_MODULES = YES;
				CLANG_ENABLE_OBJC_ARC = YES;
				CLANG_ENABLE_OBJC_WEAK = YES;
				CLANG_WARN_BLOCK_CAPTURE_AUTORELEASING = YES;
				CLANG_WARN_BOOL_CONVERSION = YES;
				CLANG_WARN_COMMA = YES;
				CLANG_WARN_CONSTANT_CONVERSION = YES;
				CLANG_WARN_DEPRECATED_OBJC_IMPLEMENTATIONS = YES;
				CLANG_WARN_DIRECT_OBJC_ISA_USAGE = YES_ERROR;
				CLANG_WARN_DOCUMENTATION_COMMENTS = YES;
				CLANG_WARN_EMPTY_BODY = YES;
				CLANG_WARN_ENUM_CONVERSION = YES;
				CLANG_WARN_INFINITE_RECURSION = YES;
				CLANG_WARN_INT_CONVERSION = YES;
				CLANG_WARN_NON_LITERAL_NULL_CONVERSION = YES;
				CLANG_WARN_OBJC_IMPLICIT_RETAIN_SELF = YES;
				CLANG_WARN_OBJC_LITERAL_CONVERSION = YES;
				CLANG_WARN_OBJC_ROOT_CLASS = YES_ERROR;
				CLANG_WARN_QUOTED_INCLUDE_IN_FRAMEWORK_HEADER = YES;
				CLANG_WARN_RANGE_LOOP_ANALYSIS = YES;
				CLANG_WARN_STRICT_PROTOTYPES = YES;
				CLANG_WARN_SUSPICIOUS_MOVE = YES;
				CLANG_WARN_UNGUARDED_AVAILABILITY = YES_AGGRESSIVE;
				CLANG_WARN_UNREACHABLE_CODE = YES;
				CLANG_WARN__DUPLICATE_METHOD_MATCH = YES;
				COPY_PHASE_STRIP = NO;
				DEBUG_INFORMATION_FORMAT = "dwarf-with-dsym";
				ENABLE_NS_ASSERTIONS = NO;
				ENABLE_STRICT_OBJC_MSGSEND = YES;
				ENABLE_USER_SCRIPT_SANDBOXING = YES;
				GCC_C_LANGUAGE_STANDARD = gnu17;
				GCC_NO_COMMON_BLOCKS = YES;
				GCC_WARN_64_TO_32_BIT_CONVERSION = YES;
				GCC_WARN_ABOUT_RETURN_TYPE = YES_ERROR;
				GCC_WARN_UNDECLARED_SELECTOR = YES;
				GCC_WARN_UNINITIALIZED_AUTOS = YES_AGGRESSIVE;
				GCC_WARN_UNUSED_FUNCTION = YES;
				GCC_WARN_UNUSED_VARIABLE = YES;
				IPHONEOS_DEPLOYMENT_TARGET = 17.0;
				LOCALIZATION_PREFERS_STRING_CATALOGS = YES;
				MTL_ENABLE_DEBUG_INFO = NO;
				MTL_FAST_MATH = YES;
				SDKROOT = iphoneos;
				SWIFT_COMPILATION_MODE = wholemodule;
				VALIDATE_PRODUCT = YES;
			};
			name = Release;
		};
		838B6A1E2B1D154100FB0F13 /* Debug */ = {
			isa = XCBuildConfiguration;
			buildSettings = {
				ASSETCATALOG_COMPILER_APPICON_NAME = AppIcon;
				ASSETCATALOG_COMPILER_GLOBAL_ACCENT_COLOR_NAME = AccentColor;
				CODE_SIGN_STYLE = Automatic;
				CURRENT_PROJECT_VERSION = 1;
				DEVELOPMENT_TEAM = ACB3S45S75;
				GENERATE_INFOPLIST_FILE = YES;
				INFOPLIST_FILE = Pixabay_Viper/SupportingFiles/Info.plist;
				INFOPLIST_KEY_UIApplicationSupportsIndirectInputEvents = YES;
				INFOPLIST_KEY_UILaunchStoryboardName = LaunchScreen;
				INFOPLIST_KEY_UIMainStoryboardFile = "";
				INFOPLIST_KEY_UISupportedInterfaceOrientations_iPad = "UIInterfaceOrientationPortrait UIInterfaceOrientationPortraitUpsideDown UIInterfaceOrientationLandscapeLeft UIInterfaceOrientationLandscapeRight";
				INFOPLIST_KEY_UISupportedInterfaceOrientations_iPhone = "UIInterfaceOrientationPortrait UIInterfaceOrientationLandscapeLeft UIInterfaceOrientationLandscapeRight";
				LD_RUNPATH_SEARCH_PATHS = (
					"$(inherited)",
					"@executable_path/Frameworks",
				);
				MARKETING_VERSION = 1.0;
				PRODUCT_BUNDLE_IDENTIFIER = "yasarduman.Pixabay-Viper";
				PRODUCT_NAME = "$(TARGET_NAME)";
				SWIFT_EMIT_LOC_STRINGS = YES;
				SWIFT_VERSION = 5.0;
				TARGETED_DEVICE_FAMILY = "1,2";
			};
			name = Debug;
		};
		838B6A1F2B1D154100FB0F13 /* Release */ = {
			isa = XCBuildConfiguration;
			buildSettings = {
				ASSETCATALOG_COMPILER_APPICON_NAME = AppIcon;
				ASSETCATALOG_COMPILER_GLOBAL_ACCENT_COLOR_NAME = AccentColor;
				CODE_SIGN_STYLE = Automatic;
				CURRENT_PROJECT_VERSION = 1;
				DEVELOPMENT_TEAM = ACB3S45S75;
				GENERATE_INFOPLIST_FILE = YES;
				INFOPLIST_FILE = Pixabay_Viper/SupportingFiles/Info.plist;
				INFOPLIST_KEY_UIApplicationSupportsIndirectInputEvents = YES;
				INFOPLIST_KEY_UILaunchStoryboardName = LaunchScreen;
				INFOPLIST_KEY_UIMainStoryboardFile = "";
				INFOPLIST_KEY_UISupportedInterfaceOrientations_iPad = "UIInterfaceOrientationPortrait UIInterfaceOrientationPortraitUpsideDown UIInterfaceOrientationLandscapeLeft UIInterfaceOrientationLandscapeRight";
				INFOPLIST_KEY_UISupportedInterfaceOrientations_iPhone = "UIInterfaceOrientationPortrait UIInterfaceOrientationLandscapeLeft UIInterfaceOrientationLandscapeRight";
				LD_RUNPATH_SEARCH_PATHS = (
					"$(inherited)",
					"@executable_path/Frameworks",
				);
				MARKETING_VERSION = 1.0;
				PRODUCT_BUNDLE_IDENTIFIER = "yasarduman.Pixabay-Viper";
				PRODUCT_NAME = "$(TARGET_NAME)";
				SWIFT_EMIT_LOC_STRINGS = YES;
				SWIFT_VERSION = 5.0;
				TARGETED_DEVICE_FAMILY = "1,2";
			};
			name = Release;
		};
/* End XCBuildConfiguration section */

/* Begin XCConfigurationList section */
		838B6A042B1D154000FB0F13 /* Build configuration list for PBXProject "Pixabay_Viper" */ = {
			isa = XCConfigurationList;
			buildConfigurations = (
				838B6A1B2B1D154100FB0F13 /* Debug */,
				838B6A1C2B1D154100FB0F13 /* Release */,
			);
			defaultConfigurationIsVisible = 0;
			defaultConfigurationName = Release;
		};
		838B6A1D2B1D154100FB0F13 /* Build configuration list for PBXNativeTarget "Pixabay_Viper" */ = {
			isa = XCConfigurationList;
			buildConfigurations = (
				838B6A1E2B1D154100FB0F13 /* Debug */,
				838B6A1F2B1D154100FB0F13 /* Release */,
			);
			defaultConfigurationIsVisible = 0;
			defaultConfigurationName = Release;
		};
/* End XCConfigurationList section */
	};
	rootObject = 838B6A012B1D154000FB0F13 /* Project object */;
}
